{
  "version": 4,
  "terraform_version": "1.14.5",
  "serial": 1,
  "lineage": "fabc2d0e-159f-d42d-f064-f53bd8ad9829",
  "outputs": {},
  "resources": [
    {
      "mode": "managed",
      "type": "aws_instance",
      "name": "jenkins-vm",
      "provider": "provider[\"registry.terraform.io/hashicorp/aws\"]",
      "instances": [
        {
          "schema_version": 2,
          "attributes": {
            "ami": "ami-05d2d839d4f73aafb",
            "arn": "arn:aws:ec2:ap-south-1:032318239586:instance/i-0752619a2064f4ffe",
            "associate_public_ip_address": true,
            "availability_zone": "ap-south-1c",
            "capacity_reservation_specification": [
              {
                "capacity_reservation_preference": "open",
                "capacity_reservation_target": []
              }
            ],
            "cpu_options": [
              {
                "amd_sev_snp": "",
                "core_count": 1,
                "nested_virtualization": "",
                "threads_per_core": 2
              }
            ],
            "credit_specification": [],
            "disable_api_stop": false,
            "disable_api_termination": false,
            "ebs_block_device": [],
            "ebs_optimized": false,
            "enable_primary_ipv6": null,
            "enclave_options": [
              {
                "enabled": false
              }
            ],
            "ephemeral_block_device": [],
            "force_destroy": false,
            "get_password_data": false,
            "hibernation": false,
            "host_id": "",
            "host_resource_group_arn": null,
            "iam_instance_profile": "",
            "id": "i-0752619a2064f4ffe",
            "instance_initiated_shutdown_behavior": "stop",
            "instance_lifecycle": "",
            "instance_market_options": [],
            "instance_state": "running",
            "instance_type": "c7i-flex.large",
            "ipv6_address_count": 0,
            "ipv6_addresses": [],
            "key_name": "practicekey",
            "launch_template": [],
            "maintenance_options": [
              {
                "auto_recovery": "default"
              }
            ],
            "metadata_options": [
              {
                "http_endpoint": "enabled",
                "http_protocol_ipv6": "disabled",
                "http_put_response_hop_limit": 2,
                "http_tokens": "required",
                "instance_metadata_tags": "disabled"
              }
            ],
            "monitoring": false,
            "network_interface": [],
            "outpost_arn": "",
            "password_data": "",
            "placement_group": "",
            "placement_group_id": "",
            "placement_partition_number": 0,
            "primary_network_interface": [
              {
                "delete_on_termination": true,
                "network_interface_id": "eni-0c9cfea513bba7db6"
              }
            ],
            "primary_network_interface_id": "eni-0c9cfea513bba7db6",
            "private_dns": "ip-172-31-25-112.ap-south-1.compute.internal",
            "private_dns_name_options": [
              {
                "enable_resource_name_dns_a_record": false,
                "enable_resource_name_dns_aaaa_record": false,
                "hostname_type": "ip-name"
              }
            ],
            "private_ip": "172.31.25.112",
            "public_dns": "ec2-3-108-239-0.ap-south-1.compute.amazonaws.com",
            "public_ip": "3.108.239.0",
            "region": "ap-south-1",
            "root_block_device": [
              {
                "delete_on_termination": true,
                "device_name": "/dev/sda1",
                "encrypted": false,
                "iops": 3000,
                "kms_key_id": "",
                "tags": null,
                "tags_all": {},
                "throughput": 125,
                "volume_id": "vol-07065d9a4adba26d5",
                "volume_size": 40,
                "volume_type": "gp3"
              }
            ],
            "secondary_network_interface": [],
            "secondary_private_ips": [],
            "security_groups": [
              "default"
            ],
            "source_dest_check": true,
            "spot_instance_request_id": "",
            "subnet_id": "subnet-04fecd9bb1fa52346",
            "tags": {
              "Name": "jenkins-server"
            },
            "tags_all": {
              "Name": "jenkins-server"
            },
            "tenancy": "default",
            "timeouts": null,
            "user_data": "#!/bin/bash\r\nsudo apt update\r\nsudo apt install fontconfig openjdk-21-jre -y\r\njava -version\r\nsudo wget -O /etc/apt/keyrings/jenkins-keyring.asc \\\r\n  https://pkg.jenkins.io/debian-stable/jenkins.io-2026.key\r\necho \"deb [signed-by=/etc/apt/keyrings/jenkins-keyring.asc]\" \\\r\n  https://pkg.jenkins.io/debian-stable binary/ | sudo tee \\\r\n  /etc/apt/sources.list.d/jenkins.list \u003e /dev/null\r\nsudo apt update\r\nsudo apt install jenkins maven -y\r\napt install openjdk-21-jdk-headless -y\r\nsudo systemctl start jenkins\r\n\r\n\r\n### AWS CLI install\r\n\r\ncurl \"https://awscli.amazonaws.com/awscli-exe-linux-x86_64.zip\" -o \"awscliv2.zip\"\r\napt install unzip -y\r\nunzip awscliv2.zip\r\nsudo ./aws/install\r\n\r\n### Install DOCKER\r\n\r\n# Add Docker's official GPG key:\r\nsudo apt update\r\nsudo apt install ca-certificates curl\r\nsudo install -m 0755 -d /etc/apt/keyrings\r\nsudo curl -fsSL https://download.docker.com/linux/ubuntu/gpg -o /etc/apt/keyrings/docker.asc\r\nsudo chmod a+r /etc/apt/keyrings/docker.asc\r\n\r\n# Add the repository to Apt sources:\r\nsudo tee /etc/apt/sources.list.d/docker.sources \u003c\u003cEOF\r\nTypes: deb\r\nURIs: https://download.docker.com/linux/ubuntu\r\nSuites: $(. /etc/os-release \u0026\u0026 echo \"${UBUNTU_CODENAME:-$VERSION_CODENAME}\")\r\nComponents: stable\r\nSigned-By: /etc/apt/keyrings/docker.asc\r\nEOF\r\n\r\nsudo apt update\r\n\r\nsudo apt install docker-ce docker-ce-cli containerd.io docker-buildx-plugin docker-compose-plugin -y\r\n\r\nsudo usermod -aG docker jenkins\r\nsudo systemctl restart jenkins\r\nsudo systemctl restart docker\r\n\r\n### install kubectl\r\ncd /opt\r\ncurl -LO \"https://dl.k8s.io/release/$(curl -L -s https://dl.k8s.io/release/stable.txt)/bin/linux/amd64/kubectl\"\r\n\r\n############## terrafom\r\n\r\nwget -O - https://apt.releases.hashicorp.com/gpg | sudo gpg --dearmor -o /usr/share/keyrings/hashicorp-archive-keyring.gpg\r\necho \"deb [arch=$(dpkg --print-architecture) signed-by=/usr/share/keyrings/hashicorp-archive-keyring.gpg] https://apt.releases.hashicorp.com $(grep -oP '(?\u003c=UBUNTU_CODENAME=).*' /etc/os-release || lsb_release -cs) main\" | sudo tee /etc/apt/sources.list.d/hashicorp.list\r\nsudo apt update \u0026\u0026 sudo apt install terraform\r\n\r\n########### eksctl\r\n\r\n# for ARM systems, set ARCH to: `arm64`, `armv6` or `armv7`\r\nARCH=amd64\r\nPLATFORM=$(uname -s)_$ARCH\r\n\r\ncurl -sLO \"https://github.com/eksctl-io/eksctl/releases/latest/download/eksctl_$PLATFORM.tar.gz\"\r\n\r\n# (Optional) Verify checksum\r\ncurl -sL \"https://github.com/eksctl-io/eksctl/releases/latest/download/eksctl_checksums.txt\" | grep $PLATFORM | sha256sum --check\r\n\r\ntar -xzf eksctl_$PLATFORM.tar.gz -C /tmp \u0026\u0026 rm eksctl_$PLATFORM.tar.gz\r\n\r\nsudo install -m 0755 /tmp/eksctl /usr/local/bin \u0026\u0026 rm /tmp/eksctl\r\n\r\n#install trivy\r\nsudo apt-get install wget apt-transport-https gnupg lsb-release -y\r\nwget -qO - https://aquasecurity.github.io/trivy-repo/deb/public.key | gpg --dearmor | sudo tee /usr/share/keyrings/trivy.gpg \u003e /dev/null\r\necho \"deb [signed-by=/usr/share/keyrings/trivy.gpg] https://aquasecurity.github.io/trivy-repo/deb $(lsb_release -sc) main\" | sudo tee -a /etc/apt/sources.list.d/trivy.list\r\nsudo apt-get update\r\nsudo apt-get install trivy -y\r\n\r\n",
            "user_data_base64": null,
            "user_data_replace_on_change": false,
            "volume_tags": null,
            "vpc_security_group_ids": [
              "sg-0e5670673f466b66f"
            ]
          },
          "sensitive_attributes": [],
          "identity_schema_version": 0,
          "identity": {
            "account_id": "032318239586",
            "id": "i-0752619a2064f4ffe",
            "region": "ap-south-1"
          },
          "private": "eyJlMmJmYjczMC1lY2FhLTExZTYtOGY4OC0zNDM2M2JjN2M0YzAiOnsiY3JlYXRlIjo2MDAwMDAwMDAwMDAsImRlbGV0ZSI6MTIwMDAwMDAwMDAwMCwicmVhZCI6OTAwMDAwMDAwMDAwLCJ1cGRhdGUiOjYwMDAwMDAwMDAwMH0sInNjaGVtYV92ZXJzaW9uIjoiMiJ9"
        }
      ]
    }
  ],
  "check_results": null
}
